
Microsoft Visual Studio Solution File, Format Version 12.00
# Visual Studio Version 17
VisualStudioVersion = 17.0.31903.59
MinimumVisualStudioVersion = 10.0.40219.1
Project("{FAE04EC0-301F-11D3-BF4B-00C04F79EFBC}") = "01-List", "01-List\01-List.csproj", "{CFD09FC5-FF73-46B0-8631-DE7F8245B289}"
EndProject
Project("{FAE04EC0-301F-11D3-BF4B-00C04F79EFBC}") = "02-Library", "02-Library\02-Library.csproj", "{6C91721F-55F0-494A-BD58-2F9D2F4FEC34}"
EndProject
Project("{FAE04EC0-301F-11D3-BF4B-00C04F79EFBC}") = "03-User", "03-User\03-User.csproj", "{BF029D5C-50BD-4E23-9E13-D1E84A79D747}"
EndProject
Project("{FAE04EC0-301F-11D3-BF4B-00C04F79EFBC}") = "04-ListItem-Add-Update-Delete", "04-ListItem-Add-Update-Delete\04-ListItem-Add-Update-Delete.csproj", "{17948AD8-F49F-487F-A9AE-C98DB463D3A8}"
EndProject
Global
	GlobalSection(SolutionConfigurationPlatforms) = preSolution
		Debug|Any CPU = Debug|Any CPU
		Release|Any CPU = Release|Any CPU
	EndGlobalSection
	GlobalSection(ProjectConfigurationPlatforms) = postSolution
		{CFD09FC5-FF73-46B0-8631-DE7F8245B289}.Debug|Any CPU.ActiveCfg = Debug|Any CPU
		{CFD09FC5-FF73-46B0-8631-DE7F8245B289}.Debug|Any CPU.Build.0 = Debug|Any CPU
		{CFD09FC5-FF73-46B0-8631-DE7F8245B289}.Release|Any CPU.ActiveCfg = Release|Any CPU
		{CFD09FC5-FF73-46B0-8631-DE7F8245B289}.Release|Any CPU.Build.0 = Release|Any CPU
		{6C91721F-55F0-494A-BD58-2F9D2F4FEC34}.Debug|Any CPU.ActiveCfg = Debug|Any CPU
		{6C91721F-55F0-494A-BD58-2F9D2F4FEC34}.Debug|Any CPU.Build.0 = Debug|Any CPU
		{6C91721F-55F0-494A-BD58-2F9D2F4FEC34}.Release|Any CPU.ActiveCfg = Release|Any CPU
		{6C91721F-55F0-494A-BD58-2F9D2F4FEC34}.Release|Any CPU.Build.0 = Release|Any CPU
		{BF029D5C-50BD-4E23-9E13-D1E84A79D747}.Debug|Any CPU.ActiveCfg = Debug|Any CPU
		{BF029D5C-50BD-4E23-9E13-D1E84A79D747}.Debug|Any CPU.Build.0 = Debug|Any CPU
		{BF029D5C-50BD-4E23-9E13-D1E84A79D747}.Release|Any CPU.ActiveCfg = Release|Any CPU
		{BF029D5C-50BD-4E23-9E13-D1E84A79D747}.Release|Any CPU.Build.0 = Release|Any CPU
		{17948AD8-F49F-487F-A9AE-C98DB463D3A8}.Debug|Any CPU.ActiveCfg = Debug|Any CPU
		{17948AD8-F49F-487F-A9AE-C98DB463D3A8}.Debug|Any CPU.Build.0 = Debug|Any CPU
		{17948AD8-F49F-487F-A9AE-C98DB463D3A8}.Release|Any CPU.ActiveCfg = Release|Any CPU
		{17948AD8-F49F-487F-A9AE-C98DB463D3A8}.Release|Any CPU.Build.0 = Release|Any CPU
	EndGlobalSection
	GlobalSection(SolutionProperties) = preSolution
		HideSolutionNode = FALSE
	EndGlobalSection
	GlobalSection(ExtensibilityGlobals) = postSolution
		SolutionGuid = {609CB52F-E71E-4706-80DA-7137082B416F}
	EndGlobalSection
EndGlobal
